<?xml version="1.0" encoding="utf-8"?>
<Project ToolsVersion="4.0" xmlns="http://schemas.microsoft.com/developer/msbuild/2003">
  <ItemGroup>
    <Filter Include="main">
      <UniqueIdentifier>{5ce2b3e1-6fd4-4443-93cb-b2ad69dd9f88}</UniqueIdentifier>
    </Filter>
  </ItemGroup>
  <ItemGroup>
    <ClCompile Include="main-sandbox.cpp">
      <Filter>main</Filter>
    </ClCompile>
  </ItemGroup>
</Project>